PODS:
  - Expecta (0.2.4)
  - EXPMatchers+FBSnapshotTest (1.1.0):
    - Expecta
    - FBSnapshotTestCase
  - FBSnapshotTestCase (1.8.1)
  - Specta (0.2.1)
  - StarRatingView (1.1.0)

DEPENDENCIES:
  - Expecta (~> 0.2.3)
  - EXPMatchers+FBSnapshotTest (~> 1.1)
  - FBSnapshotTestCase (~> 1.1)
  - Specta (~> 0.2.1)
  - StarRatingView (from `StarRatingView.podspec`)

EXTERNAL SOURCES:
  StarRatingView:
    :path: StarRatingView.podspec

SPEC CHECKSUMS:
  Expecta: cfaf1d3e2e194ca704a25e997093d30a1ce70b61
  EXPMatchers+FBSnapshotTest: 3c48e8a29a445476fe2d72d7da45dfdd765b5f55
  FBSnapshotTestCase: 3dc3899168747a0319c5278f5b3445c13a6532dd
  Specta: 15a276a6343867b426d5ed135d5aa4d04123a573
  StarRatingView: 2bd17ea3da2c6a074c1c024ea1b97b11076d8225

COCOAPODS: 0.39.0
